
Microsoft Visual Studio Solution File, Format Version 12.00
# Visual Studio 15
VisualStudioVersion = 15.0.26403.3
MinimumVisualStudioVersion = 10.0.40219.1
Project("{FAE04EC0-301F-11D3-BF4B-00C04F79EFBC}") = "SpacePrk.WebApi", "SpacePrk.WebApi\SpacePrk.WebApi.csproj", "{11D0D674-B7E5-49B7-B7B5-22BD0D3216A7}"
EndProject
Project("{FAE04EC0-301F-11D3-BF4B-00C04F79EFBC}") = "SpacePrk.Models", "SpacePrk.Models\SpacePrk.Models.csproj", "{AB8DDAD2-F8C0-4DA0-85C9-5E58316DB9A1}"
EndProject
Project("{FAE04EC0-301F-11D3-BF4B-00C04F79EFBC}") = "SpacePrk.Repositories", "SpacePrk.Repositories\SpacePrk.Repositories.csproj", "{B5BB4FB6-8C49-4ADE-8C46-5983C6093A8A}"
EndProject
Project("{FAE04EC0-301F-11D3-BF4B-00C04F79EFBC}") = "SpacePrk.Services", "SpacePrk.Services\SpacePrk.Services.csproj", "{C25AD014-3176-4EAE-855F-94C3B6633ED3}"
EndProject
Global
	GlobalSection(SolutionConfigurationPlatforms) = preSolution
		Debug|Any CPU = Debug|Any CPU
		Release|Any CPU = Release|Any CPU
	EndGlobalSection
	GlobalSection(ProjectConfigurationPlatforms) = postSolution
		{11D0D674-B7E5-49B7-B7B5-22BD0D3216A7}.Debug|Any CPU.ActiveCfg = Debug|Any CPU
		{11D0D674-B7E5-49B7-B7B5-22BD0D3216A7}.Debug|Any CPU.Build.0 = Debug|Any CPU
		{11D0D674-B7E5-49B7-B7B5-22BD0D3216A7}.Release|Any CPU.ActiveCfg = Release|Any CPU
		{11D0D674-B7E5-49B7-B7B5-22BD0D3216A7}.Release|Any CPU.Build.0 = Release|Any CPU
		{AB8DDAD2-F8C0-4DA0-85C9-5E58316DB9A1}.Debug|Any CPU.ActiveCfg = Debug|Any CPU
		{AB8DDAD2-F8C0-4DA0-85C9-5E58316DB9A1}.Debug|Any CPU.Build.0 = Debug|Any CPU
		{AB8DDAD2-F8C0-4DA0-85C9-5E58316DB9A1}.Release|Any CPU.ActiveCfg = Release|Any CPU
		{AB8DDAD2-F8C0-4DA0-85C9-5E58316DB9A1}.Release|Any CPU.Build.0 = Release|Any CPU
		{B5BB4FB6-8C49-4ADE-8C46-5983C6093A8A}.Debug|Any CPU.ActiveCfg = Debug|Any CPU
		{B5BB4FB6-8C49-4ADE-8C46-5983C6093A8A}.Debug|Any CPU.Build.0 = Debug|Any CPU
		{B5BB4FB6-8C49-4ADE-8C46-5983C6093A8A}.Release|Any CPU.ActiveCfg = Release|Any CPU
		{B5BB4FB6-8C49-4ADE-8C46-5983C6093A8A}.Release|Any CPU.Build.0 = Release|Any CPU
		{C25AD014-3176-4EAE-855F-94C3B6633ED3}.Debug|Any CPU.ActiveCfg = Debug|Any CPU
		{C25AD014-3176-4EAE-855F-94C3B6633ED3}.Debug|Any CPU.Build.0 = Debug|Any CPU
		{C25AD014-3176-4EAE-855F-94C3B6633ED3}.Release|Any CPU.ActiveCfg = Release|Any CPU
		{C25AD014-3176-4EAE-855F-94C3B6633ED3}.Release|Any CPU.Build.0 = Release|Any CPU
	EndGlobalSection
	GlobalSection(SolutionProperties) = preSolution
		HideSolutionNode = FALSE
	EndGlobalSection
EndGlobal
